
Microsoft Visual Studio Solution File, Format Version 12.00
# Visual Studio 15
VisualStudioVersion = 15.0.28307.757
MinimumVisualStudioVersion = 10.0.40219.1
Project("{FAE04EC0-301F-11D3-BF4B-00C04F79EFBC}") = "LeaveApplicationUsingMongoDB", "LeaveApplicationUsingMongoDB\LeaveApplicationUsingMongoDB.csproj", "{8C150927-7105-4F93-8980-5385850028BF}"
EndProject
Global
	GlobalSection(SolutionConfigurationPlatforms) = preSolution
		Debug|Any CPU = Debug|Any CPU
		Release|Any CPU = Release|Any CPU
	EndGlobalSection
	GlobalSection(ProjectConfigurationPlatforms) = postSolution
		{8C150927-7105-4F93-8980-5385850028BF}.Debug|Any CPU.ActiveCfg = Debug|Any CPU
		{8C150927-7105-4F93-8980-5385850028BF}.Debug|Any CPU.Build.0 = Debug|Any CPU
		{8C150927-7105-4F93-8980-5385850028BF}.Release|Any CPU.ActiveCfg = Release|Any CPU
		{8C150927-7105-4F93-8980-5385850028BF}.Release|Any CPU.Build.0 = Release|Any CPU
	EndGlobalSection
	GlobalSection(SolutionProperties) = preSolution
		HideSolutionNode = FALSE
	EndGlobalSection
	GlobalSection(ExtensibilityGlobals) = postSolution
		SolutionGuid = {415AD20C-7F13-4278-B228-6DCA5E35EFCD}
	EndGlobalSection
EndGlobal
